{
    "_readme": [
        "This file locks the dependencies of your project to a known state",
        "Read more about it at https://getcomposer.org/doc/01-basic-usage.md#composer-lock-the-lock-file",
        "This file is @generated automatically"
    ],
    "content-hash": "3f6fbf935143f853063484e6e0e4b177",
    "packages": [
        {
            "name": "TrafficCophp/ByteBuffer",
            "version": "v0.3",
            "source": {
                "type": "git",
                "url": "https://github.com/nesQuick/ByteBuffer.git",
                "reference": "e94e5c87c41bc79c0f738b0fa89bad11d27ae0b4"
            },
            "dist": {
                "type": "zip",
                "url": "https://api.github.com/repos/nesQuick/ByteBuffer/zipball/e94e5c87c41bc79c0f738b0fa89bad11d27ae0b4",
                "reference": "e94e5c87c41bc79c0f738b0fa89bad11d27ae0b4",
                "shasum": ""
            },
            "type": "library",
            "autoload": {
                "psr-0": {
                    "TrafficCophp": "src/"
                }
            },
            "notification-url": "https://packagist.org/downloads/",
            "license": [
                "MIT"
            ],
            "authors": [
                {
                    "name": "Ole 'nesQuick' Michaelis",
                    "email": "ole.michaelis@googlemail.com",
                    "homepage": "http://www.codestars.eu"
                }
            ],
            "description": "Node.js inspired byte stream buffer for PHP.",
            "keywords": [
                "Buffer",
                "Bytehandling",
                "Socket",
                "binary data",
                "library",
                "pack",
                "stream",
                "wrapper"
            ],
            "time": "2016-01-13T22:50:58+00:00"
        },
        {
            "name": "kornrunner/keccak",
            "version": "1.0.3",
            "source": {
                "type": "git",
                "url": "https://github.com/kornrunner/php-keccak.git",
                "reference": "ad761f528f4d1e3ce378b8a0841e5f82c9973535"
            },
            "dist": {
                "type": "zip",
                "url": "https://api.github.com/repos/kornrunner/php-keccak/zipball/ad761f528f4d1e3ce378b8a0841e5f82c9973535",
                "reference": "ad761f528f4d1e3ce378b8a0841e5f82c9973535",
                "shasum": ""
            },
            "require": {
                "php": ">=7.1.0",
                "symfony/polyfill-mbstring": "^1.8"
            },
            "require-dev": {
                "php-coveralls/php-coveralls": "^2.1",
                "phpunit/phpunit": "~7"
            },
            "type": "library",
            "autoload": {
                "psr-4": {
                    "kornrunner\\": "src"
                }
            },
            "notification-url": "https://packagist.org/downloads/",
            "license": [
                "MIT"
            ],
            "authors": [
                {
                    "name": "Boris Momcilovic",
                    "homepage": "https://github.com/kornrunner/php-keccak"
                }
            ],
            "description": "Pure PHP implementation of Keccak",
            "keywords": [
                "keccak",
                "sha-3",
                "sha3-256"
            ],
            "time": "2018-07-30T22:16:23+00:00"
        },
        {
            "name": "symfony/polyfill-mbstring",
            "version": "v1.8.0",
            "source": {
                "type": "git",
                "url": "https://github.com/symfony/polyfill-mbstring.git",
                "reference": "3296adf6a6454a050679cde90f95350ad604b171"
            },
            "dist": {
                "type": "zip",
                "url": "https://api.github.com/repos/symfony/polyfill-mbstring/zipball/3296adf6a6454a050679cde90f95350ad604b171",
                "reference": "3296adf6a6454a050679cde90f95350ad604b171",
                "shasum": ""
            },
            "require": {
                "php": ">=5.3.3"
            },
            "suggest": {
                "ext-mbstring": "For best performance"
            },
            "type": "library",
            "extra": {
                "branch-alias": {
                    "dev-master": "1.8-dev"
                }
            },
            "autoload": {
                "psr-4": {
                    "Symfony\\Polyfill\\Mbstring\\": ""
                },
                "files": [
                    "bootstrap.php"
                ]
            },
            "notification-url": "https://packagist.org/downloads/",
            "license": [
                "MIT"
            ],
            "authors": [
                {
                    "name": "Nicolas Grekas",
                    "email": "p@tchwork.com"
                },
                {
                    "name": "Symfony Community",
                    "homepage": "https://symfony.com/contributors"
                }
            ],
            "description": "Symfony polyfill for the Mbstring extension",
            "homepage": "https://symfony.com",
            "keywords": [
                "compatibility",
                "mbstring",
                "polyfill",
                "portable",
                "shim"
            ],
            "time": "2018-04-26T10:06:28+00:00"
        }
    ],
    "packages-dev": [],
    "aliases": [],
    "minimum-stability": "stable",
    "stability-flags": [],
    "prefer-stable": false,
    "prefer-lowest": false,
    "platform": [],
    "platform-dev": []
}
